
Microsoft Visual Studio Solution File, Format Version 12.00
# Visual Studio Version 16
VisualStudioVersion = 16.0.31321.278
MinimumVisualStudioVersion = 10.0.40219.1
Project("{FAE04EC0-301F-11D3-BF4B-00C04F79EFBC}") = "LabTask", "LabTask\LabTask.csproj", "{E803FAEF-781B-42FF-92D6-F3B123690779}"
EndProject
Global
	GlobalSection(SolutionConfigurationPlatforms) = preSolution
		Debug|Any CPU = Debug|Any CPU
		Release|Any CPU = Release|Any CPU
	EndGlobalSection
	GlobalSection(ProjectConfigurationPlatforms) = postSolution
		{E803FAEF-781B-42FF-92D6-F3B123690779}.Debug|Any CPU.ActiveCfg = Debug|Any CPU
		{E803FAEF-781B-42FF-92D6-F3B123690779}.Debug|Any CPU.Build.0 = Debug|Any CPU
		{E803FAEF-781B-42FF-92D6-F3B123690779}.Release|Any CPU.ActiveCfg = Release|Any CPU
		{E803FAEF-781B-42FF-92D6-F3B123690779}.Release|Any CPU.Build.0 = Release|Any CPU
	EndGlobalSection
	GlobalSection(SolutionProperties) = preSolution
		HideSolutionNode = FALSE
	EndGlobalSection
	GlobalSection(ExtensibilityGlobals) = postSolution
		SolutionGuid = {0EA8ACA6-09A3-49E0-B447-9910A0C0CE09}
	EndGlobalSection
EndGlobal
